<Solution>
  <Project Path="RealEstate.Application/RealEstate.Application.csproj" />
  <Project Path="RealEstate.Domain/RealEstate.Domain.csproj" />
  <Project Path="RealEstate.Infrastructure/RealEstate.Infrastructure.csproj" />
  <Project Path="RealEstate.WebApi/RealEstate.WebApi.csproj" />
</Solution>
